Microsoft Visual Studio Solution File, Format Version 12.00
# Visual Studio 2012
Project("{0D1AEE6A-A9B3-064F-0C0B-7BEDA1A97D56}") = "BlockAttack", "Assembly-CSharp-Editor.csproj", "{44FCC890-178A-062C-052E-94BEC20922D6}"
EndProject
Global
	GlobalSection(SolutionConfigurationPlatforms) = preSolution
		Debug|Any CPU = Debug|Any CPU
		Release|Any CPU = Release|Any CPU
	EndGlobalSection
	GlobalSection(ProjectConfigurationPlatforms) = postSolution
		{44FCC890-178A-062C-052E-94BEC20922D6}.Debug|Any CPU.ActiveCfg = Debug|Any CPU
		{44FCC890-178A-062C-052E-94BEC20922D6}.Debug|Any CPU.Build.0 = Debug|Any CPU
		{44FCC890-178A-062C-052E-94BEC20922D6}.Release|Any CPU.ActiveCfg = Release|Any CPU
		{44FCC890-178A-062C-052E-94BEC20922D6}.Release|Any CPU.Build.0 = Release|Any CPU
	EndGlobalSection
	GlobalSection(MonoDevelopProperties) = preSolution
		StartupItem = Assembly-CSharp.csproj
	EndGlobalSection
EndGlobal
